// !$*UTF8*$!
{
	archiveVersion = 1;
	classes = {
	};
	objectVersion = 48;
	objects = {

/* Begin PBXBuildFile section */
		09F0B0FB7249C2F2619EAE86 /* Pods_BrastlewarkGame_BrastlewarkGameTests.framework in Frameworks */ = {isa = PBXBuildFile; fileRef = B3264A0DA2483F449B5235F3 /* Pods_BrastlewarkGame_BrastlewarkGameTests.framework */; };
		5F002E6A204A24C30000EDB5 /* InhabitanTableViewCell.swift in Sources */ = {isa = PBXBuildFile; fileRef = 5F002E68204A24C30000EDB5 /* InhabitanTableViewCell.swift */; };
		5F002E6B204A24C30000EDB5 /* InhabitanTableViewCell.xib in Resources */ = {isa = PBXBuildFile; fileRef = 5F002E69204A24C30000EDB5 /* InhabitanTableViewCell.xib */; };
		5F002E6E204A5D5D0000EDB5 /* UIImageView+LoadImageUsingCache.swift in Sources */ = {isa = PBXBuildFile; fileRef = 5F002E6D204A5D5D0000EDB5 /* UIImageView+LoadImageUsingCache.swift */; };
		5F3AA3F2204F604500ED37B2 /* InhabitantViewControllerTest.swift in Sources */ = {isa = PBXBuildFile; fileRef = 5F3AA3F1204F604500ED37B2 /* InhabitantViewControllerTest.swift */; };
		5FD3928A20472115000E8450 /* DataService.swift in Sources */ = {isa = PBXBuildFile; fileRef = 5FD3928920472115000E8450 /* DataService.swift */; };
		5FD3928D204733AF000E8450 /* InhabitantManager.swift in Sources */ = {isa = PBXBuildFile; fileRef = 5FD3928C204733AF000E8450 /* InhabitantManager.swift */; };
		5FD3928F20478F41000E8450 /* InhabitantDetailViewController.swift in Sources */ = {isa = PBXBuildFile; fileRef = 5FD3928E20478F41000E8450 /* InhabitantDetailViewController.swift */; };
		5FE239262046493100D8F7D1 /* Inhabitant.swift in Sources */ = {isa = PBXBuildFile; fileRef = 5FE239252046493100D8F7D1 /* Inhabitant.swift */; };
		5FE5C1042046448200797BA7 /* AppDelegate.swift in Sources */ = {isa = PBXBuildFile; fileRef = 5FE5C1032046448200797BA7 /* AppDelegate.swift */; };
		5FE5C1062046448200797BA7 /* InhabitantsViewController.swift in Sources */ = {isa = PBXBuildFile; fileRef = 5FE5C1052046448200797BA7 /* InhabitantsViewController.swift */; };
		5FE5C1092046448200797BA7 /* Main.storyboard in Resources */ = {isa = PBXBuildFile; fileRef = 5FE5C1072046448200797BA7 /* Main.storyboard */; };
		5FE5C10B2046448200797BA7 /* Assets.xcassets in Resources */ = {isa = PBXBuildFile; fileRef = 5FE5C10A2046448200797BA7 /* Assets.xcassets */; };
		5FE5C10E2046448200797BA7 /* LaunchScreen.storyboard in Resources */ = {isa = PBXBuildFile; fileRef = 5FE5C10C2046448200797BA7 /* LaunchScreen.storyboard */; };
		5FE5C1192046448200797BA7 /* InhabitantManagerTests.swift in Sources */ = {isa = PBXBuildFile; fileRef = 5FE5C1182046448200797BA7 /* InhabitantManagerTests.swift */; };
		5FEC51A9204CF38A0042B6F9 /* InhabitantHelper.swift in Sources */ = {isa = PBXBuildFile; fileRef = 5FEC51A8204CF38A0042B6F9 /* InhabitantHelper.swift */; };
		5FF49837204F4B33003BF7FA /* InhabitantDetailViewControllerTest.swift in Sources */ = {isa = PBXBuildFile; fileRef = 5FF49836204F4B33003BF7FA /* InhabitantDetailViewControllerTest.swift */; };
		BBDD367646812CFD96FC5F4A /* Pods_BrastlewarkGame.framework in Frameworks */ = {isa = PBXBuildFile; fileRef = 78126A37D107793A5D97BAA3 /* Pods_BrastlewarkGame.framework */; };
/* End PBXBuildFile section */

/* Begin PBXContainerItemProxy section */
		5FE5C1152046448200797BA7 /* PBXContainerItemProxy */ = {
			isa = PBXContainerItemProxy;
			containerPortal = 5FE5C0F82046448200797BA7 /* Project object */;
			proxyType = 1;
			remoteGlobalIDString = 5FE5C0FF2046448200797BA7;
			remoteInfo = brastlewark_game;
		};
/* End PBXContainerItemProxy section */

/* Begin PBXFileReference section */
		3BCD5DC8535280B8095D6BB1 /* Pods-BrastlewarkGame-BrastlewarkGameTests.release.xcconfig */ = {isa = PBXFileReference; includeInIndex = 1; lastKnownFileType = text.xcconfig; name = "Pods-BrastlewarkGame-BrastlewarkGameTests.release.xcconfig"; path = "Pods/Target Support Files/Pods-BrastlewarkGame-BrastlewarkGameTests/Pods-BrastlewarkGame-BrastlewarkGameTests.release.xcconfig"; sourceTree = "<group>"; };
		5F002E68204A24C30000EDB5 /* InhabitanTableViewCell.swift */ = {isa = PBXFileReference; lastKnownFileType = sourcecode.swift; path = InhabitanTableViewCell.swift; sourceTree = "<group>"; };
		5F002E69204A24C30000EDB5 /* InhabitanTableViewCell.xib */ = {isa = PBXFileReference; lastKnownFileType = file.xib; path = InhabitanTableViewCell.xib; sourceTree = "<group>"; };
		5F002E6D204A5D5D0000EDB5 /* UIImageView+LoadImageUsingCache.swift */ = {isa = PBXFileReference; lastKnownFileType = sourcecode.swift; path = "UIImageView+LoadImageUsingCache.swift"; sourceTree = "<group>"; };
		5F3AA3F1204F604500ED37B2 /* InhabitantViewControllerTest.swift */ = {isa = PBXFileReference; lastKnownFileType = sourcecode.swift; path = InhabitantViewControllerTest.swift; sourceTree = "<group>"; };
		5FD3928920472115000E8450 /* DataService.swift */ = {isa = PBXFileReference; lastKnownFileType = sourcecode.swift; path = DataService.swift; sourceTree = "<group>"; };
		5FD3928C204733AF000E8450 /* InhabitantManager.swift */ = {isa = PBXFileReference; lastKnownFileType = sourcecode.swift; path = InhabitantManager.swift; sourceTree = "<group>"; };
		5FD3928E20478F41000E8450 /* InhabitantDetailViewController.swift */ = {isa = PBXFileReference; lastKnownFileType = sourcecode.swift; path = InhabitantDetailViewController.swift; sourceTree = "<group>"; };
		5FE239252046493100D8F7D1 /* Inhabitant.swift */ = {isa = PBXFileReference; lastKnownFileType = sourcecode.swift; path = Inhabitant.swift; sourceTree = "<group>"; };
		5FE5C1002046448200797BA7 /* BrastlewarkGame.app */ = {isa = PBXFileReference; explicitFileType = wrapper.application; includeInIndex = 0; path = BrastlewarkGame.app; sourceTree = BUILT_PRODUCTS_DIR; };
		5FE5C1032046448200797BA7 /* AppDelegate.swift */ = {isa = PBXFileReference; lastKnownFileType = sourcecode.swift; path = AppDelegate.swift; sourceTree = "<group>"; };
		5FE5C1052046448200797BA7 /* InhabitantsViewController.swift */ = {isa = PBXFileReference; lastKnownFileType = sourcecode.swift; path = InhabitantsViewController.swift; sourceTree = "<group>"; };
		5FE5C1082046448200797BA7 /* Base */ = {isa = PBXFileReference; lastKnownFileType = file.storyboard; name = Base; path = Base.lproj/Main.storyboard; sourceTree = "<group>"; };
		5FE5C10A2046448200797BA7 /* Assets.xcassets */ = {isa = PBXFileReference; lastKnownFileType = folder.assetcatalog; path = Assets.xcassets; sourceTree = "<group>"; };
		5FE5C10D2046448200797BA7 /* Base */ = {isa = PBXFileReference; lastKnownFileType = file.storyboard; name = Base; path = Base.lproj/LaunchScreen.storyboard; sourceTree = "<group>"; };
		5FE5C10F2046448200797BA7 /* Info.plist */ = {isa = PBXFileReference; lastKnownFileType = text.plist.xml; path = Info.plist; sourceTree = "<group>"; };
		5FE5C1142046448200797BA7 /* BrastlewarkGameTests.xctest */ = {isa = PBXFileReference; explicitFileType = wrapper.cfbundle; includeInIndex = 0; path = BrastlewarkGameTests.xctest; sourceTree = BUILT_PRODUCTS_DIR; };
		5FE5C1182046448200797BA7 /* InhabitantManagerTests.swift */ = {isa = PBXFileReference; lastKnownFileType = sourcecode.swift; path = InhabitantManagerTests.swift; sourceTree = "<group>"; };
		5FE5C11A2046448200797BA7 /* Info.plist */ = {isa = PBXFileReference; lastKnownFileType = text.plist.xml; path = Info.plist; sourceTree = "<group>"; };
		5FEC51A8204CF38A0042B6F9 /* InhabitantHelper.swift */ = {isa = PBXFileReference; lastKnownFileType = sourcecode.swift; path = InhabitantHelper.swift; sourceTree = "<group>"; };
		5FF49836204F4B33003BF7FA /* InhabitantDetailViewControllerTest.swift */ = {isa = PBXFileReference; lastKnownFileType = sourcecode.swift; path = InhabitantDetailViewControllerTest.swift; sourceTree = "<group>"; };
		78126A37D107793A5D97BAA3 /* Pods_BrastlewarkGame.framework */ = {isa = PBXFileReference; explicitFileType = wrapper.framework; includeInIndex = 0; path = Pods_BrastlewarkGame.framework; sourceTree = BUILT_PRODUCTS_DIR; };
		B3264A0DA2483F449B5235F3 /* Pods_BrastlewarkGame_BrastlewarkGameTests.framework */ = {isa = PBXFileReference; explicitFileType = wrapper.framework; includeInIndex = 0; path = Pods_BrastlewarkGame_BrastlewarkGameTests.framework; sourceTree = BUILT_PRODUCTS_DIR; };
		C74B5375372A1CEC98585A77 /* Pods-BrastlewarkGame-BrastlewarkGameTests.debug.xcconfig */ = {isa = PBXFileReference; includeInIndex = 1; lastKnownFileType = text.xcconfig; name = "Pods-BrastlewarkGame-BrastlewarkGameTests.debug.xcconfig"; path = "Pods/Target Support Files/Pods-BrastlewarkGame-BrastlewarkGameTests/Pods-BrastlewarkGame-BrastlewarkGameTests.debug.xcconfig"; sourceTree = "<group>"; };
		D063FB7BC867A066A6600248 /* Pods_brastlewark_game.framework */ = {isa = PBXFileReference; explicitFileType = wrapper.framework; includeInIndex = 0; path = Pods_brastlewark_game.framework; sourceTree = BUILT_PRODUCTS_DIR; };
		F1EB6CBE78205475B2D1B4B3 /* Pods_brastlewark_game_brastlewark_gameTests.framework */ = {isa = PBXFileReference; explicitFileType = wrapper.framework; includeInIndex = 0; path = Pods_brastlewark_game_brastlewark_gameTests.framework; sourceTree = BUILT_PRODUCTS_DIR; };
		F9B2DC29FBC98893D071F872 /* Pods-BrastlewarkGame.release.xcconfig */ = {isa = PBXFileReference; includeInIndex = 1; lastKnownFileType = text.xcconfig; name = "Pods-BrastlewarkGame.release.xcconfig"; path = "Pods/Target Support Files/Pods-BrastlewarkGame/Pods-BrastlewarkGame.release.xcconfig"; sourceTree = "<group>"; };
		F9EFB0BD47742535DE88D968 /* Pods-BrastlewarkGame.debug.xcconfig */ = {isa = PBXFileReference; includeInIndex = 1; lastKnownFileType = text.xcconfig; name = "Pods-BrastlewarkGame.debug.xcconfig"; path = "Pods/Target Support Files/Pods-BrastlewarkGame/Pods-BrastlewarkGame.debug.xcconfig"; sourceTree = "<group>"; };
/* End PBXFileReference section */

/* Begin PBXFrameworksBuildPhase section */
		5FE5C0FD2046448200797BA7 /* Frameworks */ = {
			isa = PBXFrameworksBuildPhase;
			buildActionMask = 2147483647;
			files = (
				BBDD367646812CFD96FC5F4A /* Pods_BrastlewarkGame.framework in Frameworks */,
			);
			runOnlyForDeploymentPostprocessing = 0;
		};
		5FE5C1112046448200797BA7 /* Frameworks */ = {
			isa = PBXFrameworksBuildPhase;
			buildActionMask = 2147483647;
			files = (
				09F0B0FB7249C2F2619EAE86 /* Pods_BrastlewarkGame_BrastlewarkGameTests.framework in Frameworks */,
			);
			runOnlyForDeploymentPostprocessing = 0;
		};
/* End PBXFrameworksBuildPhase section */

/* Begin PBXGroup section */
		5F002E6C204A24C90000EDB5 /* custom cell */ = {
			isa = PBXGroup;
			children = (
				5F002E68204A24C30000EDB5 /* InhabitanTableViewCell.swift */,
				5F002E69204A24C30000EDB5 /* InhabitanTableViewCell.xib */,
			);
			path = "custom cell";
			sourceTree = "<group>";
		};
		5F44BE6C204CA92B002F61D3 /* Service */ = {
			isa = PBXGroup;
			children = (
				5FD3928920472115000E8450 /* DataService.swift */,
			);
			path = Service;
			sourceTree = "<group>";
		};
		5F44BE6D204CA951002F61D3 /* Supporting files */ = {
			isa = PBXGroup;
			children = (
				5F002E6D204A5D5D0000EDB5 /* UIImageView+LoadImageUsingCache.swift */,
				5FE5C1032046448200797BA7 /* AppDelegate.swift */,
			);
			path = "Supporting files";
			sourceTree = "<group>";
		};
		5FD39290204796FD000E8450 /* Controllers */ = {
			isa = PBXGroup;
			children = (
				5FE5C1052046448200797BA7 /* InhabitantsViewController.swift */,
				5FD3928E20478F41000E8450 /* InhabitantDetailViewController.swift */,
			);
			path = Controllers;
			sourceTree = "<group>";
		};
		5FD3929120479722000E8450 /* Views */ = {
			isa = PBXGroup;
			children = (
				5FE5C10C2046448200797BA7 /* LaunchScreen.storyboard */,
				5FE5C1072046448200797BA7 /* Main.storyboard */,
				5F002E6C204A24C90000EDB5 /* custom cell */,
			);
			path = Views;
			sourceTree = "<group>";
		};
		5FD3929220479747000E8450 /* Model */ = {
			isa = PBXGroup;
			children = (
				5FD3928C204733AF000E8450 /* InhabitantManager.swift */,
				5FE239252046493100D8F7D1 /* Inhabitant.swift */,
			);
			path = Model;
			sourceTree = "<group>";
		};
		5FE5C0F72046448200797BA7 = {
			isa = PBXGroup;
			children = (
				5FE5C1022046448200797BA7 /* BrastlewarkGame */,
				5FE5C1172046448200797BA7 /* BrastlewarkGameTests */,
				5FE5C1012046448200797BA7 /* Products */,
				9509F9F17B5343C7FACE05E5 /* Frameworks */,
				AC668DF9C205B1165E845023 /* Pods */,
			);
			sourceTree = "<group>";
		};
		5FE5C1012046448200797BA7 /* Products */ = {
			isa = PBXGroup;
			children = (
				5FE5C1002046448200797BA7 /* BrastlewarkGame.app */,
				5FE5C1142046448200797BA7 /* BrastlewarkGameTests.xctest */,
			);
			name = Products;
			sourceTree = "<group>";
		};
		5FE5C1022046448200797BA7 /* BrastlewarkGame */ = {
			isa = PBXGroup;
			children = (
				5F44BE6D204CA951002F61D3 /* Supporting files */,
				5F44BE6C204CA92B002F61D3 /* Service */,
				5FD3929220479747000E8450 /* Model */,
				5FD39290204796FD000E8450 /* Controllers */,
				5FD3929120479722000E8450 /* Views */,
				5FE5C10A2046448200797BA7 /* Assets.xcassets */,
				5FE5C10F2046448200797BA7 /* Info.plist */,
			);
			path = BrastlewarkGame;
			sourceTree = "<group>";
		};
		5FE5C1172046448200797BA7 /* BrastlewarkGameTests */ = {
			isa = PBXGroup;
			children = (
				5FE5C1182046448200797BA7 /* InhabitantManagerTests.swift */,
				5FF49836204F4B33003BF7FA /* InhabitantDetailViewControllerTest.swift */,
				5F3AA3F1204F604500ED37B2 /* InhabitantViewControllerTest.swift */,
				5FEC51A8204CF38A0042B6F9 /* InhabitantHelper.swift */,
				5FE5C11A2046448200797BA7 /* Info.plist */,
			);
			path = BrastlewarkGameTests;
			sourceTree = "<group>";
		};
		9509F9F17B5343C7FACE05E5 /* Frameworks */ = {
			isa = PBXGroup;
			children = (
				D063FB7BC867A066A6600248 /* Pods_brastlewark_game.framework */,
				F1EB6CBE78205475B2D1B4B3 /* Pods_brastlewark_game_brastlewark_gameTests.framework */,
				78126A37D107793A5D97BAA3 /* Pods_BrastlewarkGame.framework */,
				B3264A0DA2483F449B5235F3 /* Pods_BrastlewarkGame_BrastlewarkGameTests.framework */,
			);
			name = Frameworks;
			sourceTree = "<group>";
		};
		AC668DF9C205B1165E845023 /* Pods */ = {
			isa = PBXGroup;
			children = (
				F9EFB0BD47742535DE88D968 /* Pods-BrastlewarkGame.debug.xcconfig */,
				F9B2DC29FBC98893D071F872 /* Pods-BrastlewarkGame.release.xcconfig */,
				C74B5375372A1CEC98585A77 /* Pods-BrastlewarkGame-BrastlewarkGameTests.debug.xcconfig */,
				3BCD5DC8535280B8095D6BB1 /* Pods-BrastlewarkGame-BrastlewarkGameTests.release.xcconfig */,
			);
			name = Pods;
			sourceTree = "<group>";
		};
/* End PBXGroup section */

/* Begin PBXNativeTarget section */
		5FE5C0FF2046448200797BA7 /* BrastlewarkGame */ = {
			isa = PBXNativeTarget;
			buildConfigurationList = 5FE5C11D2046448200797BA7 /* Build configuration list for PBXNativeTarget "BrastlewarkGame" */;
			buildPhases = (
				E3ABFE3CB5EDF6FDC0C9D32D /* [CP] Check Pods Manifest.lock */,
				5FE5C0FC2046448200797BA7 /* Sources */,
				5FE5C0FD2046448200797BA7 /* Frameworks */,
				5FE5C0FE2046448200797BA7 /* Resources */,
				B538415D347ABCA726245A33 /* [CP] Embed Pods Frameworks */,
				3DDC1F4F931C9777802E3B87 /* [CP] Copy Pods Resources */,
			);
			buildRules = (
			);
			dependencies = (
			);
			name = BrastlewarkGame;
			productName = brastlewark_game;
			productReference = 5FE5C1002046448200797BA7 /* BrastlewarkGame.app */;
			productType = "com.apple.product-type.application";
		};
		5FE5C1132046448200797BA7 /* BrastlewarkGameTests */ = {
			isa = PBXNativeTarget;
			buildConfigurationList = 5FE5C1202046448200797BA7 /* Build configuration list for PBXNativeTarget "BrastlewarkGameTests" */;
			buildPhases = (
				7EDFC1F67F1D49C2337DD372 /* [CP] Check Pods Manifest.lock */,
				5FE5C1102046448200797BA7 /* Sources */,
				5FE5C1112046448200797BA7 /* Frameworks */,
				5FE5C1122046448200797BA7 /* Resources */,
				9C1E6D9183024385E07EFF4E /* [CP] Embed Pods Frameworks */,
				8ECC88A35CE6D8CECBE8A867 /* [CP] Copy Pods Resources */,
			);
			buildRules = (
			);
			dependencies = (
				5FE5C1162046448200797BA7 /* PBXTargetDependency */,
			);
			name = BrastlewarkGameTests;
			productName = brastlewark_gameTests;
			productReference = 5FE5C1142046448200797BA7 /* BrastlewarkGameTests.xctest */;
			productType = "com.apple.product-type.bundle.unit-test";
		};
/* End PBXNativeTarget section */

/* Begin PBXProject section */
		5FE5C0F82046448200797BA7 /* Project object */ = {
			isa = PBXProject;
			attributes = {
				LastSwiftUpdateCheck = 0920;
				LastUpgradeCheck = 0920;
				ORGANIZATIONNAME = "Luciano Perez Tiranti";
				TargetAttributes = {
					5FE5C0FF2046448200797BA7 = {
						CreatedOnToolsVersion = 9.2;
						ProvisioningStyle = Automatic;
					};
					5FE5C1132046448200797BA7 = {
						CreatedOnToolsVersion = 9.2;
						ProvisioningStyle = Automatic;
						TestTargetID = 5FE5C0FF2046448200797BA7;
					};
				};
			};
			buildConfigurationList = 5FE5C0FB2046448200797BA7 /* Build configuration list for PBXProject "BrastlewarkGame" */;
			compatibilityVersion = "Xcode 8.0";
			developmentRegion = en;
			hasScannedForEncodings = 0;
			knownRegions = (
				en,
				Base,
			);
			mainGroup = 5FE5C0F72046448200797BA7;
			productRefGroup = 5FE5C1012046448200797BA7 /* Products */;
			projectDirPath = "";
			projectRoot = "";
			targets = (
				5FE5C0FF2046448200797BA7 /* BrastlewarkGame */,
				5FE5C1132046448200797BA7 /* BrastlewarkGameTests */,
			);
		};
/* End PBXProject section */

/* Begin PBXResourcesBuildPhase section */
		5FE5C0FE2046448200797BA7 /* Resources */ = {
			isa = PBXResourcesBuildPhase;
			buildActionMask = 2147483647;
			files = (
				5F002E6B204A24C30000EDB5 /* InhabitanTableViewCell.xib in Resources */,
				5FE5C10E2046448200797BA7 /* LaunchScreen.storyboard in Resources */,
				5FE5C10B2046448200797BA7 /* Assets.xcassets in Resources */,
				5FE5C1092046448200797BA7 /* Main.storyboard in Resources */,
			);
			runOnlyForDeploymentPostprocessing = 0;
		};
		5FE5C1122046448200797BA7 /* Resources */ = {
			isa = PBXResourcesBuildPhase;
			buildActionMask = 2147483647;
			files = (
			);
			runOnlyForDeploymentPostprocessing = 0;
		};
/* End PBXResourcesBuildPhase section */

/* Begin PBXShellScriptBuildPhase section */
		3DDC1F4F931C9777802E3B87 /* [CP] Copy Pods Resources */ = {
			isa = PBXShellScriptBuildPhase;
			buildActionMask = 2147483647;
			files = (
			);
			inputPaths = (
			);
			name = "[CP] Copy Pods Resources";
			outputPaths = (
			);
			runOnlyForDeploymentPostprocessing = 0;
			shellPath = /bin/sh;
			shellScript = "\"${SRCROOT}/Pods/Target Support Files/Pods-BrastlewarkGame/Pods-BrastlewarkGame-resources.sh\"\n";
			showEnvVarsInLog = 0;
		};
		7EDFC1F67F1D49C2337DD372 /* [CP] Check Pods Manifest.lock */ = {
			isa = PBXShellScriptBuildPhase;
			buildActionMask = 2147483647;
			files = (
			);
			inputPaths = (
				"${PODS_PODFILE_DIR_PATH}/Podfile.lock",
				"${PODS_ROOT}/Manifest.lock",
			);
			name = "[CP] Check Pods Manifest.lock";
			outputPaths = (
				"$(DERIVED_FILE_DIR)/Pods-BrastlewarkGame-BrastlewarkGameTests-checkManifestLockResult.txt",
			);
			runOnlyForDeploymentPostprocessing = 0;
			shellPath = /bin/sh;
			shellScript = "diff \"${PODS_PODFILE_DIR_PATH}/Podfile.lock\" \"${PODS_ROOT}/Manifest.lock\" > /dev/null\nif [ $? != 0 ] ; then\n    # print error to STDERR\n    echo \"error: The sandbox is not in sync with the Podfile.lock. Run 'pod install' or update your CocoaPods installation.\" >&2\n    exit 1\nfi\n# This output is used by Xcode 'outputs' to avoid re-running this script phase.\necho \"SUCCESS\" > \"${SCRIPT_OUTPUT_FILE_0}\"\n";
			showEnvVarsInLog = 0;
		};
		8ECC88A35CE6D8CECBE8A867 /* [CP] Copy Pods Resources */ = {
			isa = PBXShellScriptBuildPhase;
			buildActionMask = 2147483647;
			files = (
			);
			inputPaths = (
			);
			name = "[CP] Copy Pods Resources";
			outputPaths = (
			);
			runOnlyForDeploymentPostprocessing = 0;
			shellPath = /bin/sh;
			shellScript = "\"${SRCROOT}/Pods/Target Support Files/Pods-BrastlewarkGame-BrastlewarkGameTests/Pods-BrastlewarkGame-BrastlewarkGameTests-resources.sh\"\n";
			showEnvVarsInLog = 0;
		};
		9C1E6D9183024385E07EFF4E /* [CP] Embed Pods Frameworks */ = {
			isa = PBXShellScriptBuildPhase;
			buildActionMask = 2147483647;
			files = (
			);
			inputPaths = (
				"${SRCROOT}/Pods/Target Support Files/Pods-BrastlewarkGame-BrastlewarkGameTests/Pods-BrastlewarkGame-BrastlewarkGameTests-frameworks.sh",
				"${BUILT_PRODUCTS_DIR}/Alamofire/Alamofire.framework",
				"${BUILT_PRODUCTS_DIR}/SwiftyJSON/SwiftyJSON.framework",
			);
			name = "[CP] Embed Pods Frameworks";
			outputPaths = (
				"${TARGET_BUILD_DIR}/${FRAMEWORKS_FOLDER_PATH}/Alamofire.framework",
				"${TARGET_BUILD_DIR}/${FRAMEWORKS_FOLDER_PATH}/SwiftyJSON.framework",
			);
			runOnlyForDeploymentPostprocessing = 0;
			shellPath = /bin/sh;
			shellScript = "\"${SRCROOT}/Pods/Target Support Files/Pods-BrastlewarkGame-BrastlewarkGameTests/Pods-BrastlewarkGame-BrastlewarkGameTests-frameworks.sh\"\n";
			showEnvVarsInLog = 0;
		};
		B538415D347ABCA726245A33 /* [CP] Embed Pods Frameworks */ = {
			isa = PBXShellScriptBuildPhase;
			buildActionMask = 2147483647;
			files = (
			);
			inputPaths = (
				"${SRCROOT}/Pods/Target Support Files/Pods-BrastlewarkGame/Pods-BrastlewarkGame-frameworks.sh",
				"${BUILT_PRODUCTS_DIR}/Alamofire/Alamofire.framework",
				"${BUILT_PRODUCTS_DIR}/SwiftyJSON/SwiftyJSON.framework",
			);
			name = "[CP] Embed Pods Frameworks";
			outputPaths = (
				"${TARGET_BUILD_DIR}/${FRAMEWORKS_FOLDER_PATH}/Alamofire.framework",
				"${TARGET_BUILD_DIR}/${FRAMEWORKS_FOLDER_PATH}/SwiftyJSON.framework",
			);
			runOnlyForDeploymentPostprocessing = 0;
			shellPath = /bin/sh;
			shellScript = "\"${SRCROOT}/Pods/Target Support Files/Pods-BrastlewarkGame/Pods-BrastlewarkGame-frameworks.sh\"\n";
			showEnvVarsInLog = 0;
		};
		E3ABFE3CB5EDF6FDC0C9D32D /* [CP] Check Pods Manifest.lock */ = {
			isa = PBXShellScriptBuildPhase;
			buildActionMask = 2147483647;
			files = (
			);
			inputPaths = (
				"${PODS_PODFILE_DIR_PATH}/Podfile.lock",
				"${PODS_ROOT}/Manifest.lock",
			);
			name = "[CP] Check Pods Manifest.lock";
			outputPaths = (
				"$(DERIVED_FILE_DIR)/Pods-BrastlewarkGame-checkManifestLockResult.txt",
			);
			runOnlyForDeploymentPostprocessing = 0;
			shellPath = /bin/sh;
			shellScript = "diff \"${PODS_PODFILE_DIR_PATH}/Podfile.lock\" \"${PODS_ROOT}/Manifest.lock\" > /dev/null\nif [ $? != 0 ] ; then\n    # print error to STDERR\n    echo \"error: The sandbox is not in sync with the Podfile.lock. Run 'pod install' or update your CocoaPods installation.\" >&2\n    exit 1\nfi\n# This output is used by Xcode 'outputs' to avoid re-running this script phase.\necho \"SUCCESS\" > \"${SCRIPT_OUTPUT_FILE_0}\"\n";
			showEnvVarsInLog = 0;
		};
/* End PBXShellScriptBuildPhase section */

/* Begin PBXSourcesBuildPhase section */
		5FE5C0FC2046448200797BA7 /* Sources */ = {
			isa = PBXSourcesBuildPhase;
			buildActionMask = 2147483647;
			files = (
				5FE239262046493100D8F7D1 /* Inhabitant.swift in Sources */,
				5FE5C1062046448200797BA7 /* InhabitantsViewController.swift in Sources */,
				5FE5C1042046448200797BA7 /* AppDelegate.swift in Sources */,
				5FD3928A20472115000E8450 /* DataService.swift in Sources */,
				5F002E6E204A5D5D0000EDB5 /* UIImageView+LoadImageUsingCache.swift in Sources */,
				5FD3928D204733AF000E8450 /* InhabitantManager.swift in Sources */,
				5F002E6A204A24C30000EDB5 /* InhabitanTableViewCell.swift in Sources */,
				5FD3928F20478F41000E8450 /* InhabitantDetailViewController.swift in Sources */,
			);
			runOnlyForDeploymentPostprocessing = 0;
		};
		5FE5C1102046448200797BA7 /* Sources */ = {
			isa = PBXSourcesBuildPhase;
			buildActionMask = 2147483647;
			files = (
				5FF49837204F4B33003BF7FA /* InhabitantDetailViewControllerTest.swift in Sources */,
				5FE5C1192046448200797BA7 /* InhabitantManagerTests.swift in Sources */,
				5F3AA3F2204F604500ED37B2 /* InhabitantViewControllerTest.swift in Sources */,
				5FEC51A9204CF38A0042B6F9 /* InhabitantHelper.swift in Sources */,
			);
			runOnlyForDeploymentPostprocessing = 0;
		};
/* End PBXSourcesBuildPhase section */

/* Begin PBXTargetDependency section */
		5FE5C1162046448200797BA7 /* PBXTargetDependency */ = {
			isa = PBXTargetDependency;
			target = 5FE5C0FF2046448200797BA7 /* BrastlewarkGame */;
			targetProxy = 5FE5C1152046448200797BA7 /* PBXContainerItemProxy */;
		};
/* End PBXTargetDependency section */

/* Begin PBXVariantGroup section */
		5FE5C1072046448200797BA7 /* Main.storyboard */ = {
			isa = PBXVariantGroup;
			children = (
				5FE5C1082046448200797BA7 /* Base */,
			);
			name = Main.storyboard;
			sourceTree = "<group>";
		};
		5FE5C10C2046448200797BA7 /* LaunchScreen.storyboard */ = {
			isa = PBXVariantGroup;
			children = (
				5FE5C10D2046448200797BA7 /* Base */,
			);
			name = LaunchScreen.storyboard;
			sourceTree = "<group>";
		};
/* End PBXVariantGroup section */

/* Begin XCBuildConfiguration section */
		5FE5C11B2046448200797BA7 /* Debug */ = {
			isa = XCBuildConfiguration;
			buildSettings = {
				ALWAYS_SEARCH_USER_PATHS = NO;
				CLANG_ANALYZER_NONNULL = YES;
				CLANG_ANALYZER_NUMBER_OBJECT_CONVERSION = YES_AGGRESSIVE;
				CLANG_CXX_LANGUAGE_STANDARD = "gnu++14";
				CLANG_CXX_LIBRARY = "libc++";
				CLANG_ENABLE_MODULES = YES;
				CLANG_ENABLE_OBJC_ARC = YES;
				CLANG_WARN_BLOCK_CAPTURE_AUTORELEASING = YES;
				CLANG_WARN_BOOL_CONVERSION = YES;
				CLANG_WARN_COMMA = YES;
				CLANG_WARN_CONSTANT_CONVERSION = YES;
				CLANG_WARN_DIRECT_OBJC_ISA_USAGE = YES_ERROR;
				CLANG_WARN_DOCUMENTATION_COMMENTS = YES;
				CLANG_WARN_EMPTY_BODY = YES;
				CLANG_WARN_ENUM_CONVERSION = YES;
				CLANG_WARN_INFINITE_RECURSION = YES;
				CLANG_WARN_INT_CONVERSION = YES;
				CLANG_WARN_NON_LITERAL_NULL_CONVERSION = YES;
				CLANG_WARN_OBJC_LITERAL_CONVERSION = YES;
				CLANG_WARN_OBJC_ROOT_CLASS = YES_ERROR;
				CLANG_WARN_RANGE_LOOP_ANALYSIS = YES;
				CLANG_WARN_STRICT_PROTOTYPES = YES;
				CLANG_WARN_SUSPICIOUS_MOVE = YES;
				CLANG_WARN_UNGUARDED_AVAILABILITY = YES_AGGRESSIVE;
				CLANG_WARN_UNREACHABLE_CODE = YES;
				CLANG_WARN__DUPLICATE_METHOD_MATCH = YES;
				CODE_SIGN_IDENTITY = "iPhone Developer";
				COPY_PHASE_STRIP = NO;
				DEBUG_INFORMATION_FORMAT = dwarf;
				ENABLE_STRICT_OBJC_MSGSEND = YES;
				ENABLE_TESTABILITY = YES;
				GCC_C_LANGUAGE_STANDARD = gnu11;
				GCC_DYNAMIC_NO_PIC = NO;
				GCC_NO_COMMON_BLOCKS = YES;
				GCC_OPTIMIZATION_LEVEL = 0;
				GCC_PREPROCESSOR_DEFINITIONS = (
					"DEBUG=1",
					"$(inherited)",
				);
				GCC_WARN_64_TO_32_BIT_CONVERSION = YES;
				GCC_WARN_ABOUT_RETURN_TYPE = YES_ERROR;
				GCC_WARN_UNDECLARED_SELECTOR = YES;
				GCC_WARN_UNINITIALIZED_AUTOS = YES_AGGRESSIVE;
				GCC_WARN_UNUSED_FUNCTION = YES;
				GCC_WARN_UNUSED_VARIABLE = YES;
				IPHONEOS_DEPLOYMENT_TARGET = 11.2;
				MTL_ENABLE_DEBUG_INFO = YES;
				ONLY_ACTIVE_ARCH = YES;
				SDKROOT = iphoneos;
				SWIFT_ACTIVE_COMPILATION_CONDITIONS = DEBUG;
				SWIFT_OPTIMIZATION_LEVEL = "-Onone";
			};
			name = Debug;
		};
		5FE5C11C2046448200797BA7 /* Release */ = {
			isa = XCBuildConfiguration;
			buildSettings = {
				ALWAYS_SEARCH_USER_PATHS = NO;
				CLANG_ANALYZER_NONNULL = YES;
				CLANG_ANALYZER_NUMBER_OBJECT_CONVERSION = YES_AGGRESSIVE;
				CLANG_CXX_LANGUAGE_STANDARD = "gnu++14";
				CLANG_CXX_LIBRARY = "libc++";
				CLANG_ENABLE_MODULES = YES;
				CLANG_ENABLE_OBJC_ARC = YES;
				CLANG_WARN_BLOCK_CAPTURE_AUTORELEASING = YES;
				CLANG_WARN_BOOL_CONVERSION = YES;
				CLANG_WARN_COMMA = YES;
				CLANG_WARN_CONSTANT_CONVERSION = YES;
				CLANG_WARN_DIRECT_OBJC_ISA_USAGE = YES_ERROR;
				CLANG_WARN_DOCUMENTATION_COMMENTS = YES;
				CLANG_WARN_EMPTY_BODY = YES;
				CLANG_WARN_ENUM_CONVERSION = YES;
				CLANG_WARN_INFINITE_RECURSION = YES;
				CLANG_WARN_INT_CONVERSION = YES;
				CLANG_WARN_NON_LITERAL_NULL_CONVERSION = YES;
				CLANG_WARN_OBJC_LITERAL_CONVERSION = YES;
				CLANG_WARN_OBJC_ROOT_CLASS = YES_ERROR;
				CLANG_WARN_RANGE_LOOP_ANALYSIS = YES;
				CLANG_WARN_STRICT_PROTOTYPES = YES;
				CLANG_WARN_SUSPICIOUS_MOVE = YES;
				CLANG_WARN_UNGUARDED_AVAILABILITY = YES_AGGRESSIVE;
				CLANG_WARN_UNREACHABLE_CODE = YES;
				CLANG_WARN__DUPLICATE_METHOD_MATCH = YES;
				CODE_SIGN_IDENTITY = "iPhone Developer";
				COPY_PHASE_STRIP = NO;
				DEBUG_INFORMATION_FORMAT = "dwarf-with-dsym";
				ENABLE_NS_ASSERTIONS = NO;
				ENABLE_STRICT_OBJC_MSGSEND = YES;
				GCC_C_LANGUAGE_STANDARD = gnu11;
				GCC_NO_COMMON_BLOCKS = YES;
				GCC_WARN_64_TO_32_BIT_CONVERSION = YES;
				GCC_WARN_ABOUT_RETURN_TYPE = YES_ERROR;
				GCC_WARN_UNDECLARED_SELECTOR = YES;
				GCC_WARN_UNINITIALIZED_AUTOS = YES_AGGRESSIVE;
				GCC_WARN_UNUSED_FUNCTION = YES;
				GCC_WARN_UNUSED_VARIABLE = YES;
				IPHONEOS_DEPLOYMENT_TARGET = 11.2;
				MTL_ENABLE_DEBUG_INFO = NO;
				SDKROOT = iphoneos;
				SWIFT_OPTIMIZATION_LEVEL = "-Owholemodule";
				VALIDATE_PRODUCT = YES;
			};
			name = Release;
		};
		5FE5C11E2046448200797BA7 /* Debug */ = {
			isa = XCBuildConfiguration;
			baseConfigurationReference = F9EFB0BD47742535DE88D968 /* Pods-BrastlewarkGame.debug.xcconfig */;
			buildSettings = {
				ALWAYS_EMBED_SWIFT_STANDARD_LIBRARIES = "$(inherited)";
				ASSETCATALOG_COMPILER_APPICON_NAME = AppIcon;
				CODE_SIGN_STYLE = Automatic;
				DEVELOPMENT_TEAM = EH5494EZG6;
				INFOPLIST_FILE = BrastlewarkGame/Info.plist;
				IPHONEOS_DEPLOYMENT_TARGET = 11.0;
				LD_RUNPATH_SEARCH_PATHS = "$(inherited) @executable_path/Frameworks";
				PRODUCT_BUNDLE_IDENTIFIER = "luchi2300.brastlewark-game";
				PRODUCT_NAME = "$(TARGET_NAME)";
				SWIFT_VERSION = 4.0;
				TARGETED_DEVICE_FAMILY = "1,2";
			};
			name = Debug;
		};
		5FE5C11F2046448200797BA7 /* Release */ = {
			isa = XCBuildConfiguration;
			baseConfigurationReference = F9B2DC29FBC98893D071F872 /* Pods-BrastlewarkGame.release.xcconfig */;
			buildSettings = {
				ALWAYS_EMBED_SWIFT_STANDARD_LIBRARIES = "$(inherited)";
				ASSETCATALOG_COMPILER_APPICON_NAME = AppIcon;
				CODE_SIGN_STYLE = Automatic;
				DEVELOPMENT_TEAM = EH5494EZG6;
				INFOPLIST_FILE = BrastlewarkGame/Info.plist;
				IPHONEOS_DEPLOYMENT_TARGET = 11.0;
				LD_RUNPATH_SEARCH_PATHS = "$(inherited) @executable_path/Frameworks";
				PRODUCT_BUNDLE_IDENTIFIER = "luchi2300.brastlewark-game";
				PRODUCT_NAME = "$(TARGET_NAME)";
				SWIFT_VERSION = 4.0;
				TARGETED_DEVICE_FAMILY = "1,2";
			};
			name = Release;
		};
		5FE5C1212046448300797BA7 /* Debug */ = {
			isa = XCBuildConfiguration;
			baseConfigurationReference = C74B5375372A1CEC98585A77 /* Pods-BrastlewarkGame-BrastlewarkGameTests.debug.xcconfig */;
			buildSettings = {
				ALWAYS_EMBED_SWIFT_STANDARD_LIBRARIES = "$(inherited)";
				BUNDLE_LOADER = "$(TEST_HOST)";
				CODE_SIGN_STYLE = Automatic;
				DEVELOPMENT_TEAM = EH5494EZG6;
				INFOPLIST_FILE = BrastlewarkGame/Info.plist;
				LD_RUNPATH_SEARCH_PATHS = "$(inherited) @executable_path/Frameworks @loader_path/Frameworks";
				PRODUCT_BUNDLE_IDENTIFIER = "luchi2300.brastlewark-gameTests";
				PRODUCT_NAME = "$(TARGET_NAME)";
				SWIFT_VERSION = 4.0;
				TARGETED_DEVICE_FAMILY = "1,2";
				TEST_HOST = "$(BUILT_PRODUCTS_DIR)/BrastlewarkGame.app/BrastlewarkGame";
			};
			name = Debug;
		};
		5FE5C1222046448300797BA7 /* Release */ = {
			isa = XCBuildConfiguration;
			baseConfigurationReference = 3BCD5DC8535280B8095D6BB1 /* Pods-BrastlewarkGame-BrastlewarkGameTests.release.xcconfig */;
			buildSettings = {
				ALWAYS_EMBED_SWIFT_STANDARD_LIBRARIES = "$(inherited)";
				BUNDLE_LOADER = "$(TEST_HOST)";
				CODE_SIGN_STYLE = Automatic;
				DEVELOPMENT_TEAM = EH5494EZG6;
				INFOPLIST_FILE = BrastlewarkGame/Info.plist;
				LD_RUNPATH_SEARCH_PATHS = "$(inherited) @executable_path/Frameworks @loader_path/Frameworks";
				PRODUCT_BUNDLE_IDENTIFIER = "luchi2300.brastlewark-gameTests";
				PRODUCT_NAME = "$(TARGET_NAME)";
				SWIFT_VERSION = 4.0;
				TARGETED_DEVICE_FAMILY = "1,2";
				TEST_HOST = "$(BUILT_PRODUCTS_DIR)/BrastlewarkGame.app/BrastlewarkGame";
			};
			name = Release;
		};
/* End XCBuildConfiguration section */

/* Begin XCConfigurationList section */
		5FE5C0FB2046448200797BA7 /* Build configuration list for PBXProject "BrastlewarkGame" */ = {
			isa = XCConfigurationList;
			buildConfigurations = (
				5FE5C11B2046448200797BA7 /* Debug */,
				5FE5C11C2046448200797BA7 /* Release */,
			);
			defaultConfigurationIsVisible = 0;
			defaultConfigurationName = Release;
		};
		5FE5C11D2046448200797BA7 /* Build configuration list for PBXNativeTarget "BrastlewarkGame" */ = {
			isa = XCConfigurationList;
			buildConfigurations = (
				5FE5C11E2046448200797BA7 /* Debug */,
				5FE5C11F2046448200797BA7 /* Release */,
			);
			defaultConfigurationIsVisible = 0;
			defaultConfigurationName = Release;
		};
		5FE5C1202046448200797BA7 /* Build configuration list for PBXNativeTarget "BrastlewarkGameTests" */ = {
			isa = XCConfigurationList;
			buildConfigurations = (
				5FE5C1212046448300797BA7 /* Debug */,
				5FE5C1222046448300797BA7 /* Release */,
			);
			defaultConfigurationIsVisible = 0;
			defaultConfigurationName = Release;
		};
/* End XCConfigurationList section */
	};
	rootObject = 5FE5C0F82046448200797BA7 /* Project object */;
}
